schema: '2.0'
stages:
  preprocess:
    cmd: python3 src/modeling/preprocess.py params.yaml 
      src/featuring/data/output/dataset.csv data/processed_training_data.csv 
      data/processed_test_data.csv
    deps:
    - path: src/featuring/data/output/dataset.csv
      hash: md5
      md5: 43c920c0ec403b07456c7fd1b7b381e0
      size: 4124796
    - path: src/modeling/preprocess.py
      hash: md5
      md5: 2b2c38800c57999dbdd9b267a194d53f
      size: 3622
    outs:
    - path: data/processed_test_data.csv
      hash: md5
      md5: c808e2e9ad433edc03a6bf3163ca5685
      size: 773003
    - path: data/processed_training_data.csv
      hash: md5
      md5: 8be3d0488190621e7dba0a969c161d97
      size: 3094960
  train:
    cmd: python3 src/modeling/train.py params.yaml 
      data/processed_training_data.csv models/model.pkl
    deps:
    - path: data/processed_training_data.csv
      hash: md5
      md5: 8be3d0488190621e7dba0a969c161d97
      size: 3094960
    - path: src/modeling/train.py
      hash: md5
      md5: aa8fbe9a60340f69c9f2d6a33964face
      size: 2604
    outs:
    - path: models/model.pkl
      hash: md5
      md5: c073eb895006e689ee24016a680b2761
      size: 1700
  evaluate:
    cmd: python3 src/modeling/evaluate.py params.yaml models/model.pkl 
      data/processed_test_data.csv metrics/evaluation.json
    deps:
    - path: data/processed_test_data.csv
      hash: md5
      md5: c808e2e9ad433edc03a6bf3163ca5685
      size: 773003
    - path: models/model.pkl
      hash: md5
      md5: c073eb895006e689ee24016a680b2761
      size: 1700
    - path: src/modeling/evaluate.py
      hash: md5
      md5: ff77d0e6ab7cf541cffe7c547f7ec608
      size: 2860
    outs:
    - path: metrics/evaluation.json
      hash: md5
      md5: 80af446f8bcbd6a2e876033b99f848a1
      size: 59
