schema: '2.0'
stages:
  preprocess:
    cmd: python3 src/modeling/preprocess.py params.yaml 
      src/etl_pipeline/data/output/dataset.csv data/processed_training_data.csv 
      data/processed_test_data.csv --scaler_output models/scaler.pkl
    deps:
    - path: src/etl_pipeline/data/output/dataset.csv
      hash: md5
      md5: 2d1a88193645ec3d6500677c4d286145
      size: 4392067
    - path: src/modeling/preprocess.py
      hash: md5
      md5: 7c77d3a04379f8dfd6408cb5ebc7feff
      size: 4760
    outs:
    - path: data/processed_test_data.csv
      hash: md5
      md5: b12fc072b24066ebd6ccaa844b3133c1
      size: 838229
    - path: data/processed_training_data.csv
      hash: md5
      md5: 2deaeda7870161c5f88991f4f6b27fac
      size: 3356499
    - path: models/scaler.pkl
      hash: md5
      md5: 10eb873ab8d83564dc13b548f4d37036
      size: 975
  train:
    cmd: python3 src/modeling/train.py params.yaml 
      data/processed_training_data.csv models/model.pkl --scaler_path 
      models/scaler.pkl
    deps:
    - path: data/processed_training_data.csv
      hash: md5
      md5: 2deaeda7870161c5f88991f4f6b27fac
      size: 3356499
    - path: models/scaler.pkl
      hash: md5
      md5: 10eb873ab8d83564dc13b548f4d37036
      size: 975
    - path: src/modeling/train.py
      hash: md5
      md5: b375f0f91289f776ac1c0ee00282df1b
      size: 4405
    outs:
    - path: models/model.pkl
      hash: md5
      md5: 8a7d06425b4ba311c97eee964dd08742
      size: 13800300
  evaluate:
    cmd: python3 src/modeling/evaluate.py params.yaml models/model.pkl 
      data/processed_test_data.csv metrics/evaluation.json --scaler_path 
      models/scaler.pkl
    deps:
    - path: data/processed_test_data.csv
      hash: md5
      md5: b12fc072b24066ebd6ccaa844b3133c1
      size: 838229
    - path: models/model.pkl
      hash: md5
      md5: 8a7d06425b4ba311c97eee964dd08742
      size: 13800300
    - path: models/scaler.pkl
      hash: md5
      md5: 10eb873ab8d83564dc13b548f4d37036
      size: 975
    - path: src/modeling/evaluate.py
      hash: md5
      md5: 8c2c265ef364b21c8db8101bafddbca8
      size: 4080
    outs:
    - path: metrics/evaluation.json
      hash: md5
      md5: 9b5960e4506e9a65445f98819f090957
      size: 116
